// !$*UTF8*$!
{
	archiveVersion = 1;
	classes = {
	};
	objectVersion = 46;
	objects = {

/* Begin PBXBuildFile section */
		4339464D1CEA33C10093A8D7 /* AppDelegate.swift in Sources */ = {isa = PBXBuildFile; fileRef = 4339464C1CEA33C10093A8D7 /* AppDelegate.swift */; };
		4339464F1CEA33C10093A8D7 /* ViewController.swift in Sources */ = {isa = PBXBuildFile; fileRef = 4339464E1CEA33C10093A8D7 /* ViewController.swift */; };
		433946521CEA33C10093A8D7 /* Main.storyboard in Resources */ = {isa = PBXBuildFile; fileRef = 433946501CEA33C10093A8D7 /* Main.storyboard */; };
		433946571CEA33C10093A8D7 /* LaunchScreen.storyboard in Resources */ = {isa = PBXBuildFile; fileRef = 433946551CEA33C10093A8D7 /* LaunchScreen.storyboard */; };
		433946611CEA34220093A8D7 /* Reachability.m in Sources */ = {isa = PBXBuildFile; fileRef = 433946601CEA34220093A8D7 /* Reachability.m */; };
		433946641CEA344B0093A8D7 /* Weather.swift in Sources */ = {isa = PBXBuildFile; fileRef = 433946631CEA344B0093A8D7 /* Weather.swift */; };
		433946671CEA355D0093A8D7 /* DataManager.swift in Sources */ = {isa = PBXBuildFile; fileRef = 433946661CEA355D0093A8D7 /* DataManager.swift */; };
		433946691CEA356D0093A8D7 /* NetworkManager.swift in Sources */ = {isa = PBXBuildFile; fileRef = 433946681CEA356D0093A8D7 /* NetworkManager.swift */; };
		4339466C1CEB4C9E0093A8D7 /* SwiftyWeatherModel.xcdatamodeld in Sources */ = {isa = PBXBuildFile; fileRef = 4339466A1CEB4C9E0093A8D7 /* SwiftyWeatherModel.xcdatamodeld */; };
		4339466F1CEB4D0D0093A8D7 /* Locations+CoreDataProperties.swift in Sources */ = {isa = PBXBuildFile; fileRef = 4339466D1CEB4D0D0093A8D7 /* Locations+CoreDataProperties.swift */; };
		433946701CEB4D0D0093A8D7 /* Locations.swift in Sources */ = {isa = PBXBuildFile; fileRef = 4339466E1CEB4D0D0093A8D7 /* Locations.swift */; };
		4374A7ED1D10B8050025B7E5 /* AppDelegate.swift in Sources */ = {isa = PBXBuildFile; fileRef = 4374A7EC1D10B8050025B7E5 /* AppDelegate.swift */; };
		4374A7EF1D10B8050025B7E5 /* ViewController.swift in Sources */ = {isa = PBXBuildFile; fileRef = 4374A7EE1D10B8050025B7E5 /* ViewController.swift */; };
		4374A7F21D10B8050025B7E5 /* Main.storyboard in Resources */ = {isa = PBXBuildFile; fileRef = 4374A7F01D10B8050025B7E5 /* Main.storyboard */; };
		43914C6F1D230B540082FFA2 /* NotificationCenter.framework in Frameworks */ = {isa = PBXBuildFile; fileRef = 43914C6E1D230B540082FFA2 /* NotificationCenter.framework */; };
		43914C721D230B540082FFA2 /* TodayViewController.swift in Sources */ = {isa = PBXBuildFile; fileRef = 43914C711D230B540082FFA2 /* TodayViewController.swift */; };
		43914C751D230B540082FFA2 /* MainInterface.storyboard in Resources */ = {isa = PBXBuildFile; fileRef = 43914C731D230B540082FFA2 /* MainInterface.storyboard */; };
		43914C791D230B540082FFA2 /* SwiftyWeatherWidget.appex in Embed App Extensions */ = {isa = PBXBuildFile; fileRef = 43914C6C1D230B540082FFA2 /* SwiftyWeatherWidget.appex */; settings = {ATTRIBUTES = (RemoveHeadersOnCopy, ); }; };
		43914C7E1D230BC20082FFA2 /* NetworkManager.swift in Sources */ = {isa = PBXBuildFile; fileRef = 433946681CEA356D0093A8D7 /* NetworkManager.swift */; };
		43914C811D2310EB0082FFA2 /* DailyWeather.swift in Sources */ = {isa = PBXBuildFile; fileRef = 43A755561CF6226000E5B7F6 /* DailyWeather.swift */; };
		43914C821D2313740082FFA2 /* Reachability.m in Sources */ = {isa = PBXBuildFile; fileRef = 433946601CEA34220093A8D7 /* Reachability.m */; };
		43914C841D2313D30082FFA2 /* Weather.swift in Sources */ = {isa = PBXBuildFile; fileRef = 433946631CEA344B0093A8D7 /* Weather.swift */; };
		43914C851D2314A40082FFA2 /* DataManager.swift in Sources */ = {isa = PBXBuildFile; fileRef = 433946661CEA355D0093A8D7 /* DataManager.swift */; };
		43A755571CF6226000E5B7F6 /* DailyWeather.swift in Sources */ = {isa = PBXBuildFile; fileRef = 43A755561CF6226000E5B7F6 /* DailyWeather.swift */; };
		43D3EDE41D1182530031F627 /* Assets.xcassets in Resources */ = {isa = PBXBuildFile; fileRef = 43DC922A1CF778DA0062C5CC /* Assets.xcassets */; };
		43D3EDE51D11894B0031F627 /* Assets.xcassets in Resources */ = {isa = PBXBuildFile; fileRef = 4374A7F31D10B8050025B7E5 /* Assets.xcassets */; };
		43DC92251CF75E1B0062C5CC /* RoundedButton.swift in Sources */ = {isa = PBXBuildFile; fileRef = 43DC92241CF75E1B0062C5CC /* RoundedButton.swift */; };
		43DC92271CF75EAA0062C5CC /* RoundedTextView.swift in Sources */ = {isa = PBXBuildFile; fileRef = 43DC92261CF75EAA0062C5CC /* RoundedTextView.swift */; };
		43DC92291CF75ECF0062C5CC /* RoundedLabel.swift in Sources */ = {isa = PBXBuildFile; fileRef = 43DC92281CF75ECF0062C5CC /* RoundedLabel.swift */; };
		43DC922B1CF778DA0062C5CC /* Assets.xcassets in Resources */ = {isa = PBXBuildFile; fileRef = 43DC922A1CF778DA0062C5CC /* Assets.xcassets */; };
		43DC922D1CF883C80062C5CC /* DailyWeatherCell.swift in Sources */ = {isa = PBXBuildFile; fileRef = 43DC922C1CF883C80062C5CC /* DailyWeatherCell.swift */; };
		43F5A5E91D117FA50001779B /* DailyWeatherCell.swift in Sources */ = {isa = PBXBuildFile; fileRef = 43DC922C1CF883C80062C5CC /* DailyWeatherCell.swift */; };
		43F5A5EA1D117FAF0001779B /* DailyWeather.swift in Sources */ = {isa = PBXBuildFile; fileRef = 43A755561CF6226000E5B7F6 /* DailyWeather.swift */; };
		43F5A5EB1D117FB10001779B /* Weather.swift in Sources */ = {isa = PBXBuildFile; fileRef = 433946631CEA344B0093A8D7 /* Weather.swift */; };
		43F5A5ED1D117FB80001779B /* DataManager.swift in Sources */ = {isa = PBXBuildFile; fileRef = 433946661CEA355D0093A8D7 /* DataManager.swift */; };
		43F5A5EE1D1180690001779B /* Reachability.m in Sources */ = {isa = PBXBuildFile; fileRef = 433946601CEA34220093A8D7 /* Reachability.m */; };
		43F5A5EF1D1180C80001779B /* NetworkManager.swift in Sources */ = {isa = PBXBuildFile; fileRef = 433946681CEA356D0093A8D7 /* NetworkManager.swift */; };
/* End PBXBuildFile section */

/* Begin PBXContainerItemProxy section */
		43914C771D230B540082FFA2 /* PBXContainerItemProxy */ = {
			isa = PBXContainerItemProxy;
			containerPortal = 433946411CEA33C10093A8D7 /* Project object */;
			proxyType = 1;
			remoteGlobalIDString = 43914C6B1D230B540082FFA2;
			remoteInfo = SwiftyWeatherWidget;
		};
/* End PBXContainerItemProxy section */

/* Begin PBXCopyFilesBuildPhase section */
		43914C7D1D230B540082FFA2 /* Embed App Extensions */ = {
			isa = PBXCopyFilesBuildPhase;
			buildActionMask = 2147483647;
			dstPath = "";
			dstSubfolderSpec = 13;
			files = (
				43914C791D230B540082FFA2 /* SwiftyWeatherWidget.appex in Embed App Extensions */,
			);
			name = "Embed App Extensions";
			runOnlyForDeploymentPostprocessing = 0;
		};
/* End PBXCopyFilesBuildPhase section */

/* Begin PBXFileReference section */
		433946491CEA33C10093A8D7 /* SwiftyWeather.app */ = {isa = PBXFileReference; explicitFileType = wrapper.application; includeInIndex = 0; path = SwiftyWeather.app; sourceTree = BUILT_PRODUCTS_DIR; };
		4339464C1CEA33C10093A8D7 /* AppDelegate.swift */ = {isa = PBXFileReference; lastKnownFileType = sourcecode.swift; path = AppDelegate.swift; sourceTree = "<group>"; };
		4339464E1CEA33C10093A8D7 /* ViewController.swift */ = {isa = PBXFileReference; lastKnownFileType = sourcecode.swift; path = ViewController.swift; sourceTree = "<group>"; };
		433946511CEA33C10093A8D7 /* Base */ = {isa = PBXFileReference; lastKnownFileType = file.storyboard; name = Base; path = Base.lproj/Main.storyboard; sourceTree = "<group>"; };
		433946561CEA33C10093A8D7 /* Base */ = {isa = PBXFileReference; lastKnownFileType = file.storyboard; name = Base; path = Base.lproj/LaunchScreen.storyboard; sourceTree = "<group>"; };
		433946581CEA33C10093A8D7 /* Info.plist */ = {isa = PBXFileReference; lastKnownFileType = text.plist.xml; path = Info.plist; sourceTree = "<group>"; };
		4339465E1CEA34220093A8D7 /* SwiftyWeather-Bridging-Header.h */ = {isa = PBXFileReference; lastKnownFileType = sourcecode.c.h; path = "SwiftyWeather-Bridging-Header.h"; sourceTree = "<group>"; };
		4339465F1CEA34220093A8D7 /* Reachability.h */ = {isa = PBXFileReference; fileEncoding = 4; lastKnownFileType = sourcecode.c.h; path = Reachability.h; sourceTree = "<group>"; };
		433946601CEA34220093A8D7 /* Reachability.m */ = {isa = PBXFileReference; fileEncoding = 4; lastKnownFileType = sourcecode.c.objc; path = Reachability.m; sourceTree = "<group>"; };
		433946631CEA344B0093A8D7 /* Weather.swift */ = {isa = PBXFileReference; fileEncoding = 4; lastKnownFileType = sourcecode.swift; path = Weather.swift; sourceTree = "<group>"; };
		433946661CEA355D0093A8D7 /* DataManager.swift */ = {isa = PBXFileReference; fileEncoding = 4; lastKnownFileType = sourcecode.swift; path = DataManager.swift; sourceTree = "<group>"; };
		433946681CEA356D0093A8D7 /* NetworkManager.swift */ = {isa = PBXFileReference; fileEncoding = 4; lastKnownFileType = sourcecode.swift; path = NetworkManager.swift; sourceTree = "<group>"; };
		4339466B1CEB4C9E0093A8D7 /* SwiftyWeatherModel.xcdatamodel */ = {isa = PBXFileReference; lastKnownFileType = wrapper.xcdatamodel; path = SwiftyWeatherModel.xcdatamodel; sourceTree = "<group>"; };
		4339466D1CEB4D0D0093A8D7 /* Locations+CoreDataProperties.swift */ = {isa = PBXFileReference; fileEncoding = 4; lastKnownFileType = sourcecode.swift; path = "Locations+CoreDataProperties.swift"; sourceTree = "<group>"; };
		4339466E1CEB4D0D0093A8D7 /* Locations.swift */ = {isa = PBXFileReference; fileEncoding = 4; lastKnownFileType = sourcecode.swift; path = Locations.swift; sourceTree = "<group>"; };
		4374A7EA1D10B8050025B7E5 /* SwiftyWeatherTV.app */ = {isa = PBXFileReference; explicitFileType = wrapper.application; includeInIndex = 0; path = SwiftyWeatherTV.app; sourceTree = BUILT_PRODUCTS_DIR; };
		4374A7EC1D10B8050025B7E5 /* AppDelegate.swift */ = {isa = PBXFileReference; lastKnownFileType = sourcecode.swift; path = AppDelegate.swift; sourceTree = "<group>"; };
		4374A7EE1D10B8050025B7E5 /* ViewController.swift */ = {isa = PBXFileReference; lastKnownFileType = sourcecode.swift; path = ViewController.swift; sourceTree = "<group>"; };
		4374A7F11D10B8050025B7E5 /* Base */ = {isa = PBXFileReference; lastKnownFileType = file.storyboard; name = Base; path = Base.lproj/Main.storyboard; sourceTree = "<group>"; };
		4374A7F31D10B8050025B7E5 /* Assets.xcassets */ = {isa = PBXFileReference; lastKnownFileType = folder.assetcatalog; path = Assets.xcassets; sourceTree = "<group>"; };
		4374A7F51D10B8050025B7E5 /* Info.plist */ = {isa = PBXFileReference; lastKnownFileType = text.plist.xml; path = Info.plist; sourceTree = "<group>"; };
		43914C6C1D230B540082FFA2 /* SwiftyWeatherWidget.appex */ = {isa = PBXFileReference; explicitFileType = "wrapper.app-extension"; includeInIndex = 0; path = SwiftyWeatherWidget.appex; sourceTree = BUILT_PRODUCTS_DIR; };
		43914C6E1D230B540082FFA2 /* NotificationCenter.framework */ = {isa = PBXFileReference; lastKnownFileType = wrapper.framework; name = NotificationCenter.framework; path = System/Library/Frameworks/NotificationCenter.framework; sourceTree = SDKROOT; };
		43914C711D230B540082FFA2 /* TodayViewController.swift */ = {isa = PBXFileReference; lastKnownFileType = sourcecode.swift; path = TodayViewController.swift; sourceTree = "<group>"; };
		43914C741D230B540082FFA2 /* Base */ = {isa = PBXFileReference; lastKnownFileType = file.storyboard; name = Base; path = Base.lproj/MainInterface.storyboard; sourceTree = "<group>"; };
		43914C761D230B540082FFA2 /* Info.plist */ = {isa = PBXFileReference; lastKnownFileType = text.plist.xml; path = Info.plist; sourceTree = "<group>"; };
		43914C831D2313950082FFA2 /* SwiftyWeatherWidget-Bridging-Header.h */ = {isa = PBXFileReference; lastKnownFileType = sourcecode.c.h; path = "SwiftyWeatherWidget-Bridging-Header.h"; sourceTree = "<group>"; };
		43A755561CF6226000E5B7F6 /* DailyWeather.swift */ = {isa = PBXFileReference; fileEncoding = 4; lastKnownFileType = sourcecode.swift; path = DailyWeather.swift; sourceTree = "<group>"; };
		43DC92241CF75E1B0062C5CC /* RoundedButton.swift */ = {isa = PBXFileReference; fileEncoding = 4; lastKnownFileType = sourcecode.swift; path = RoundedButton.swift; sourceTree = "<group>"; };
		43DC92261CF75EAA0062C5CC /* RoundedTextView.swift */ = {isa = PBXFileReference; fileEncoding = 4; lastKnownFileType = sourcecode.swift; path = RoundedTextView.swift; sourceTree = "<group>"; };
		43DC92281CF75ECF0062C5CC /* RoundedLabel.swift */ = {isa = PBXFileReference; fileEncoding = 4; lastKnownFileType = sourcecode.swift; path = RoundedLabel.swift; sourceTree = "<group>"; };
		43DC922A1CF778DA0062C5CC /* Assets.xcassets */ = {isa = PBXFileReference; lastKnownFileType = folder.assetcatalog; path = Assets.xcassets; sourceTree = "<group>"; };
		43DC922C1CF883C80062C5CC /* DailyWeatherCell.swift */ = {isa = PBXFileReference; fileEncoding = 4; lastKnownFileType = sourcecode.swift; path = DailyWeatherCell.swift; sourceTree = "<group>"; };
		43F5A5F41D1181650001779B /* SwiftyWeatherTV-Bridging-Header.h */ = {isa = PBXFileReference; lastKnownFileType = sourcecode.c.h; path = "SwiftyWeatherTV-Bridging-Header.h"; sourceTree = "<group>"; };
/* End PBXFileReference section */

/* Begin PBXFrameworksBuildPhase section */
		433946461CEA33C10093A8D7 /* Frameworks */ = {
			isa = PBXFrameworksBuildPhase;
			buildActionMask = 2147483647;
			files = (
			);
			runOnlyForDeploymentPostprocessing = 0;
		};
		4374A7E71D10B8050025B7E5 /* Frameworks */ = {
			isa = PBXFrameworksBuildPhase;
			buildActionMask = 2147483647;
			files = (
			);
			runOnlyForDeploymentPostprocessing = 0;
		};
		43914C691D230B540082FFA2 /* Frameworks */ = {
			isa = PBXFrameworksBuildPhase;
			buildActionMask = 2147483647;
			files = (
				43914C6F1D230B540082FFA2 /* NotificationCenter.framework in Frameworks */,
			);
			runOnlyForDeploymentPostprocessing = 0;
		};
/* End PBXFrameworksBuildPhase section */

/* Begin PBXGroup section */
		433946401CEA33C10093A8D7 = {
			isa = PBXGroup;
			children = (
				4339464B1CEA33C10093A8D7 /* SwiftyWeather */,
				4374A7EB1D10B8050025B7E5 /* SwiftyWeatherTV */,
				43914C701D230B540082FFA2 /* SwiftyWeatherWidget */,
				43914C6D1D230B540082FFA2 /* Frameworks */,
				4339464A1CEA33C10093A8D7 /* Products */,
			);
			sourceTree = "<group>";
		};
		4339464A1CEA33C10093A8D7 /* Products */ = {
			isa = PBXGroup;
			children = (
				433946491CEA33C10093A8D7 /* SwiftyWeather.app */,
				4374A7EA1D10B8050025B7E5 /* SwiftyWeatherTV.app */,
				43914C6C1D230B540082FFA2 /* SwiftyWeatherWidget.appex */,
			);
			name = Products;
			sourceTree = "<group>";
		};
		4339464B1CEA33C10093A8D7 /* SwiftyWeather */ = {
			isa = PBXGroup;
			children = (
				4339464C1CEA33C10093A8D7 /* AppDelegate.swift */,
				4339464E1CEA33C10093A8D7 /* ViewController.swift */,
				433946681CEA356D0093A8D7 /* NetworkManager.swift */,
				433946661CEA355D0093A8D7 /* DataManager.swift */,
				433946651CEA34520093A8D7 /* Model */,
				433946501CEA33C10093A8D7 /* Main.storyboard */,
				433946551CEA33C10093A8D7 /* LaunchScreen.storyboard */,
				433946581CEA33C10093A8D7 /* Info.plist */,
				43DC922A1CF778DA0062C5CC /* Assets.xcassets */,
				43DC92241CF75E1B0062C5CC /* RoundedButton.swift */,
				43DC92261CF75EAA0062C5CC /* RoundedTextView.swift */,
				43DC92281CF75ECF0062C5CC /* RoundedLabel.swift */,
				43DC922C1CF883C80062C5CC /* DailyWeatherCell.swift */,
				433946621CEA342D0093A8D7 /* Objective C Reachability Stuff */,
			);
			path = SwiftyWeather;
			sourceTree = "<group>";
		};
		433946621CEA342D0093A8D7 /* Objective C Reachability Stuff */ = {
			isa = PBXGroup;
			children = (
				4339465F1CEA34220093A8D7 /* Reachability.h */,
				433946601CEA34220093A8D7 /* Reachability.m */,
				4339465E1CEA34220093A8D7 /* SwiftyWeather-Bridging-Header.h */,
			);
			name = "Objective C Reachability Stuff";
			sourceTree = "<group>";
		};
		433946651CEA34520093A8D7 /* Model */ = {
			isa = PBXGroup;
			children = (
				4339466A1CEB4C9E0093A8D7 /* SwiftyWeatherModel.xcdatamodeld */,
				4339466D1CEB4D0D0093A8D7 /* Locations+CoreDataProperties.swift */,
				4339466E1CEB4D0D0093A8D7 /* Locations.swift */,
				433946631CEA344B0093A8D7 /* Weather.swift */,
				43A755561CF6226000E5B7F6 /* DailyWeather.swift */,
			);
			name = Model;
			sourceTree = "<group>";
		};
		4374A7EB1D10B8050025B7E5 /* SwiftyWeatherTV */ = {
			isa = PBXGroup;
			children = (
				4374A7EC1D10B8050025B7E5 /* AppDelegate.swift */,
				4374A7EE1D10B8050025B7E5 /* ViewController.swift */,
				43F5A5F41D1181650001779B /* SwiftyWeatherTV-Bridging-Header.h */,
				4374A7F01D10B8050025B7E5 /* Main.storyboard */,
				4374A7F31D10B8050025B7E5 /* Assets.xcassets */,
				4374A7F51D10B8050025B7E5 /* Info.plist */,
			);
			path = SwiftyWeatherTV;
			sourceTree = "<group>";
		};
		43914C6D1D230B540082FFA2 /* Frameworks */ = {
			isa = PBXGroup;
			children = (
				43914C6E1D230B540082FFA2 /* NotificationCenter.framework */,
			);
			name = Frameworks;
			sourceTree = "<group>";
		};
		43914C701D230B540082FFA2 /* SwiftyWeatherWidget */ = {
			isa = PBXGroup;
			children = (
				43914C711D230B540082FFA2 /* TodayViewController.swift */,
				43914C731D230B540082FFA2 /* MainInterface.storyboard */,
				43914C831D2313950082FFA2 /* SwiftyWeatherWidget-Bridging-Header.h */,
				43914C761D230B540082FFA2 /* Info.plist */,
			);
			path = SwiftyWeatherWidget;
			sourceTree = "<group>";
		};
/* End PBXGroup section */

/* Begin PBXNativeTarget section */
		433946481CEA33C10093A8D7 /* SwiftyWeather */ = {
			isa = PBXNativeTarget;
			buildConfigurationList = 4339465B1CEA33C10093A8D7 /* Build configuration list for PBXNativeTarget "SwiftyWeather" */;
			buildPhases = (
				433946451CEA33C10093A8D7 /* Sources */,
				433946461CEA33C10093A8D7 /* Frameworks */,
				433946471CEA33C10093A8D7 /* Resources */,
				43914C7D1D230B540082FFA2 /* Embed App Extensions */,
			);
			buildRules = (
			);
			dependencies = (
				43914C781D230B540082FFA2 /* PBXTargetDependency */,
			);
			name = SwiftyWeather;
			productName = SwiftyWeather;
			productReference = 433946491CEA33C10093A8D7 /* SwiftyWeather.app */;
			productType = "com.apple.product-type.application";
		};
		4374A7E91D10B8050025B7E5 /* SwiftyWeatherTV */ = {
			isa = PBXNativeTarget;
			buildConfigurationList = 4374A7F81D10B8050025B7E5 /* Build configuration list for PBXNativeTarget "SwiftyWeatherTV" */;
			buildPhases = (
				4374A7E61D10B8050025B7E5 /* Sources */,
				4374A7E71D10B8050025B7E5 /* Frameworks */,
				4374A7E81D10B8050025B7E5 /* Resources */,
			);
			buildRules = (
			);
			dependencies = (
			);
			name = SwiftyWeatherTV;
			productName = SwiftyWeatherTV;
			productReference = 4374A7EA1D10B8050025B7E5 /* SwiftyWeatherTV.app */;
			productType = "com.apple.product-type.application";
		};
		43914C6B1D230B540082FFA2 /* SwiftyWeatherWidget */ = {
			isa = PBXNativeTarget;
			buildConfigurationList = 43914C7C1D230B540082FFA2 /* Build configuration list for PBXNativeTarget "SwiftyWeatherWidget" */;
			buildPhases = (
				43914C681D230B540082FFA2 /* Sources */,
				43914C691D230B540082FFA2 /* Frameworks */,
				43914C6A1D230B540082FFA2 /* Resources */,
			);
			buildRules = (
			);
			dependencies = (
			);
			name = SwiftyWeatherWidget;
			productName = SwiftyWeatherWidget;
			productReference = 43914C6C1D230B540082FFA2 /* SwiftyWeatherWidget.appex */;
			productType = "com.apple.product-type.app-extension";
		};
/* End PBXNativeTarget section */

/* Begin PBXProject section */
		433946411CEA33C10093A8D7 /* Project object */ = {
			isa = PBXProject;
			attributes = {
				LastSwiftUpdateCheck = 0730;
				LastUpgradeCheck = 0730;
				ORGANIZATIONNAME = "Patrick Cooke";
				TargetAttributes = {
					433946481CEA33C10093A8D7 = {
						CreatedOnToolsVersion = 7.3;
						DevelopmentTeam = 6L9J2XXKYC;
					};
					4374A7E91D10B8050025B7E5 = {
						CreatedOnToolsVersion = 7.3;
						DevelopmentTeam = 6L9J2XXKYC;
					};
					43914C6B1D230B540082FFA2 = {
						CreatedOnToolsVersion = 7.3;
						DevelopmentTeam = 6L9J2XXKYC;
					};
				};
			};
			buildConfigurationList = 433946441CEA33C10093A8D7 /* Build configuration list for PBXProject "SwiftyWeather" */;
			compatibilityVersion = "Xcode 3.2";
			developmentRegion = English;
			hasScannedForEncodings = 0;
			knownRegions = (
				en,
				Base,
			);
			mainGroup = 433946401CEA33C10093A8D7;
			productRefGroup = 4339464A1CEA33C10093A8D7 /* Products */;
			projectDirPath = "";
			projectRoot = "";
			targets = (
				433946481CEA33C10093A8D7 /* SwiftyWeather */,
				4374A7E91D10B8050025B7E5 /* SwiftyWeatherTV */,
				43914C6B1D230B540082FFA2 /* SwiftyWeatherWidget */,
			);
		};
/* End PBXProject section */

/* Begin PBXResourcesBuildPhase section */
		433946471CEA33C10093A8D7 /* Resources */ = {
			isa = PBXResourcesBuildPhase;
			buildActionMask = 2147483647;
			files = (
				433946571CEA33C10093A8D7 /* LaunchScreen.storyboard in Resources */,
				43DC922B1CF778DA0062C5CC /* Assets.xcassets in Resources */,
				433946521CEA33C10093A8D7 /* Main.storyboard in Resources */,
			);
			runOnlyForDeploymentPostprocessing = 0;
		};
		4374A7E81D10B8050025B7E5 /* Resources */ = {
			isa = PBXResourcesBuildPhase;
			buildActionMask = 2147483647;
			files = (
				43D3EDE41D1182530031F627 /* Assets.xcassets in Resources */,
				43D3EDE51D11894B0031F627 /* Assets.xcassets in Resources */,
				4374A7F21D10B8050025B7E5 /* Main.storyboard in Resources */,
			);
			runOnlyForDeploymentPostprocessing = 0;
		};
		43914C6A1D230B540082FFA2 /* Resources */ = {
			isa = PBXResourcesBuildPhase;
			buildActionMask = 2147483647;
			files = (
				43914C751D230B540082FFA2 /* MainInterface.storyboard in Resources */,
			);
			runOnlyForDeploymentPostprocessing = 0;
		};
/* End PBXResourcesBuildPhase section */

/* Begin PBXSourcesBuildPhase section */
		433946451CEA33C10093A8D7 /* Sources */ = {
			isa = PBXSourcesBuildPhase;
			buildActionMask = 2147483647;
			files = (
				43A755571CF6226000E5B7F6 /* DailyWeather.swift in Sources */,
				43DC92271CF75EAA0062C5CC /* RoundedTextView.swift in Sources */,
				433946701CEB4D0D0093A8D7 /* Locations.swift in Sources */,
				433946691CEA356D0093A8D7 /* NetworkManager.swift in Sources */,
				43DC92291CF75ECF0062C5CC /* RoundedLabel.swift in Sources */,
				433946641CEA344B0093A8D7 /* Weather.swift in Sources */,
				4339466C1CEB4C9E0093A8D7 /* SwiftyWeatherModel.xcdatamodeld in Sources */,
				433946671CEA355D0093A8D7 /* DataManager.swift in Sources */,
				43DC92251CF75E1B0062C5CC /* RoundedButton.swift in Sources */,
				4339466F1CEB4D0D0093A8D7 /* Locations+CoreDataProperties.swift in Sources */,
				4339464F1CEA33C10093A8D7 /* ViewController.swift in Sources */,
				433946611CEA34220093A8D7 /* Reachability.m in Sources */,
				43DC922D1CF883C80062C5CC /* DailyWeatherCell.swift in Sources */,
				4339464D1CEA33C10093A8D7 /* AppDelegate.swift in Sources */,
			);
			runOnlyForDeploymentPostprocessing = 0;
		};
		4374A7E61D10B8050025B7E5 /* Sources */ = {
			isa = PBXSourcesBuildPhase;
			buildActionMask = 2147483647;
			files = (
				43F5A5EA1D117FAF0001779B /* DailyWeather.swift in Sources */,
				43F5A5EE1D1180690001779B /* Reachability.m in Sources */,
				43F5A5E91D117FA50001779B /* DailyWeatherCell.swift in Sources */,
				43F5A5ED1D117FB80001779B /* DataManager.swift in Sources */,
				43F5A5EF1D1180C80001779B /* NetworkManager.swift in Sources */,
				4374A7EF1D10B8050025B7E5 /* ViewController.swift in Sources */,
				4374A7ED1D10B8050025B7E5 /* AppDelegate.swift in Sources */,
				43F5A5EB1D117FB10001779B /* Weather.swift in Sources */,
			);
			runOnlyForDeploymentPostprocessing = 0;
		};
		43914C681D230B540082FFA2 /* Sources */ = {
			isa = PBXSourcesBuildPhase;
			buildActionMask = 2147483647;
			files = (
				43914C811D2310EB0082FFA2 /* DailyWeather.swift in Sources */,
				43914C851D2314A40082FFA2 /* DataManager.swift in Sources */,
				43914C7E1D230BC20082FFA2 /* NetworkManager.swift in Sources */,
				43914C721D230B540082FFA2 /* TodayViewController.swift in Sources */,
				43914C841D2313D30082FFA2 /* Weather.swift in Sources */,
				43914C821D2313740082FFA2 /* Reachability.m in Sources */,
			);
			runOnlyForDeploymentPostprocessing = 0;
		};
/* End PBXSourcesBuildPhase section */

/* Begin PBXTargetDependency section */
		43914C781D230B540082FFA2 /* PBXTargetDependency */ = {
			isa = PBXTargetDependency;
			target = 43914C6B1D230B540082FFA2 /* SwiftyWeatherWidget */;
			targetProxy = 43914C771D230B540082FFA2 /* PBXContainerItemProxy */;
		};
/* End PBXTargetDependency section */

/* Begin PBXVariantGroup section */
		433946501CEA33C10093A8D7 /* Main.storyboard */ = {
			isa = PBXVariantGroup;
			children = (
				433946511CEA33C10093A8D7 /* Base */,
			);
			name = Main.storyboard;
			sourceTree = "<group>";
		};
		433946551CEA33C10093A8D7 /* LaunchScreen.storyboard */ = {
			isa = PBXVariantGroup;
			children = (
				433946561CEA33C10093A8D7 /* Base */,
			);
			name = LaunchScreen.storyboard;
			sourceTree = "<group>";
		};
		4374A7F01D10B8050025B7E5 /* Main.storyboard */ = {
			isa = PBXVariantGroup;
			children = (
				4374A7F11D10B8050025B7E5 /* Base */,
			);
			name = Main.storyboard;
			sourceTree = "<group>";
		};
		43914C731D230B540082FFA2 /* MainInterface.storyboard */ = {
			isa = PBXVariantGroup;
			children = (
				43914C741D230B540082FFA2 /* Base */,
			);
			name = MainInterface.storyboard;
			sourceTree = "<group>";
		};
/* End PBXVariantGroup section */

/* Begin XCBuildConfiguration section */
		433946591CEA33C10093A8D7 /* Debug */ = {
			isa = XCBuildConfiguration;
			buildSettings = {
				ALWAYS_SEARCH_USER_PATHS = NO;
				CLANG_ANALYZER_NONNULL = YES;
				CLANG_CXX_LANGUAGE_STANDARD = "gnu++0x";
				CLANG_CXX_LIBRARY = "libc++";
				CLANG_ENABLE_MODULES = YES;
				CLANG_ENABLE_OBJC_ARC = YES;
				CLANG_WARN_BOOL_CONVERSION = YES;
				CLANG_WARN_CONSTANT_CONVERSION = YES;
				CLANG_WARN_DIRECT_OBJC_ISA_USAGE = YES_ERROR;
				CLANG_WARN_EMPTY_BODY = YES;
				CLANG_WARN_ENUM_CONVERSION = YES;
				CLANG_WARN_INT_CONVERSION = YES;
				CLANG_WARN_OBJC_ROOT_CLASS = YES_ERROR;
				CLANG_WARN_UNREACHABLE_CODE = YES;
				CLANG_WARN__DUPLICATE_METHOD_MATCH = YES;
				"CODE_SIGN_IDENTITY[sdk=iphoneos*]" = "iPhone Developer";
				COPY_PHASE_STRIP = NO;
				DEBUG_INFORMATION_FORMAT = dwarf;
				ENABLE_STRICT_OBJC_MSGSEND = YES;
				ENABLE_TESTABILITY = YES;
				GCC_C_LANGUAGE_STANDARD = gnu99;
				GCC_DYNAMIC_NO_PIC = NO;
				GCC_NO_COMMON_BLOCKS = YES;
				GCC_OPTIMIZATION_LEVEL = 0;
				GCC_PREPROCESSOR_DEFINITIONS = (
					"DEBUG=1",
					"$(inherited)",
				);
				GCC_WARN_64_TO_32_BIT_CONVERSION = YES;
				GCC_WARN_ABOUT_RETURN_TYPE = YES_ERROR;
				GCC_WARN_UNDECLARED_SELECTOR = YES;
				GCC_WARN_UNINITIALIZED_AUTOS = YES_AGGRESSIVE;
				GCC_WARN_UNUSED_FUNCTION = YES;
				GCC_WARN_UNUSED_VARIABLE = YES;
				IPHONEOS_DEPLOYMENT_TARGET = 9.3;
				MTL_ENABLE_DEBUG_INFO = YES;
				ONLY_ACTIVE_ARCH = YES;
				SDKROOT = iphoneos;
				SWIFT_OPTIMIZATION_LEVEL = "-Onone";
				TARGETED_DEVICE_FAMILY = "1,2";
			};
			name = Debug;
		};
		4339465A1CEA33C10093A8D7 /* Release */ = {
			isa = XCBuildConfiguration;
			buildSettings = {
				ALWAYS_SEARCH_USER_PATHS = NO;
				CLANG_ANALYZER_NONNULL = YES;
				CLANG_CXX_LANGUAGE_STANDARD = "gnu++0x";
				CLANG_CXX_LIBRARY = "libc++";
				CLANG_ENABLE_MODULES = YES;
				CLANG_ENABLE_OBJC_ARC = YES;
				CLANG_WARN_BOOL_CONVERSION = YES;
				CLANG_WARN_CONSTANT_CONVERSION = YES;
				CLANG_WARN_DIRECT_OBJC_ISA_USAGE = YES_ERROR;
				CLANG_WARN_EMPTY_BODY = YES;
				CLANG_WARN_ENUM_CONVERSION = YES;
				CLANG_WARN_INT_CONVERSION = YES;
				CLANG_WARN_OBJC_ROOT_CLASS = YES_ERROR;
				CLANG_WARN_UNREACHABLE_CODE = YES;
				CLANG_WARN__DUPLICATE_METHOD_MATCH = YES;
				"CODE_SIGN_IDENTITY[sdk=iphoneos*]" = "iPhone Developer";
				COPY_PHASE_STRIP = NO;
				DEBUG_INFORMATION_FORMAT = "dwarf-with-dsym";
				ENABLE_NS_ASSERTIONS = NO;
				ENABLE_STRICT_OBJC_MSGSEND = YES;
				GCC_C_LANGUAGE_STANDARD = gnu99;
				GCC_NO_COMMON_BLOCKS = YES;
				GCC_WARN_64_TO_32_BIT_CONVERSION = YES;
				GCC_WARN_ABOUT_RETURN_TYPE = YES_ERROR;
				GCC_WARN_UNDECLARED_SELECTOR = YES;
				GCC_WARN_UNINITIALIZED_AUTOS = YES_AGGRESSIVE;
				GCC_WARN_UNUSED_FUNCTION = YES;
				GCC_WARN_UNUSED_VARIABLE = YES;
				IPHONEOS_DEPLOYMENT_TARGET = 9.3;
				MTL_ENABLE_DEBUG_INFO = NO;
				SDKROOT = iphoneos;
				TARGETED_DEVICE_FAMILY = "1,2";
				VALIDATE_PRODUCT = YES;
			};
			name = Release;
		};
		4339465C1CEA33C10093A8D7 /* Debug */ = {
			isa = XCBuildConfiguration;
			buildSettings = {
				ASSETCATALOG_COMPILER_APPICON_NAME = AppIcon;
				CLANG_ENABLE_MODULES = YES;
				CODE_SIGN_IDENTITY = "iPhone Developer";
				"CODE_SIGN_IDENTITY[sdk=iphoneos*]" = "iPhone Developer";
				EMBEDDED_CONTENT_CONTAINS_SWIFT = YES;
				INFOPLIST_FILE = SwiftyWeather/Info.plist;
				LD_RUNPATH_SEARCH_PATHS = "$(inherited) @executable_path/Frameworks";
				PRODUCT_BUNDLE_IDENTIFIER = com.appsbypat.SwiftyWeather;
				PRODUCT_NAME = "$(TARGET_NAME)";
				PROVISIONING_PROFILE = "";
				SWIFT_OBJC_BRIDGING_HEADER = "SwiftyWeather/SwiftyWeather-Bridging-Header.h";
				SWIFT_OPTIMIZATION_LEVEL = "-Onone";
			};
			name = Debug;
		};
		4339465D1CEA33C10093A8D7 /* Release */ = {
			isa = XCBuildConfiguration;
			buildSettings = {
				ASSETCATALOG_COMPILER_APPICON_NAME = AppIcon;
				CLANG_ENABLE_MODULES = YES;
				CODE_SIGN_IDENTITY = "iPhone Developer";
				"CODE_SIGN_IDENTITY[sdk=iphoneos*]" = "iPhone Developer";
				EMBEDDED_CONTENT_CONTAINS_SWIFT = YES;
				INFOPLIST_FILE = SwiftyWeather/Info.plist;
				LD_RUNPATH_SEARCH_PATHS = "$(inherited) @executable_path/Frameworks";
				PRODUCT_BUNDLE_IDENTIFIER = com.appsbypat.SwiftyWeather;
				PRODUCT_NAME = "$(TARGET_NAME)";
				PROVISIONING_PROFILE = "";
				SWIFT_OBJC_BRIDGING_HEADER = "SwiftyWeather/SwiftyWeather-Bridging-Header.h";
			};
			name = Release;
		};
		4374A7F61D10B8050025B7E5 /* Debug */ = {
			isa = XCBuildConfiguration;
			buildSettings = {
				ASSETCATALOG_COMPILER_APPICON_NAME = "App Icon & Top Shelf Image";
				ASSETCATALOG_COMPILER_LAUNCHIMAGE_NAME = LaunchImage;
				CODE_SIGN_IDENTITY = "iPhone Developer";
				"CODE_SIGN_IDENTITY[sdk=appletvos*]" = "iPhone Developer";
				INFOPLIST_FILE = SwiftyWeatherTV/Info.plist;
				LD_RUNPATH_SEARCH_PATHS = "$(inherited) @executable_path/Frameworks";
				PRODUCT_BUNDLE_IDENTIFIER = com.appsbypat.SwiftyWeatherApp;
				PRODUCT_NAME = "$(TARGET_NAME)";
				PROVISIONING_PROFILE = "";
				SDKROOT = appletvos;
				SWIFT_OBJC_BRIDGING_HEADER = "SwiftyWeatherTV/SwiftyWeatherTV-Bridging-Header.h";
				TARGETED_DEVICE_FAMILY = 3;
				TVOS_DEPLOYMENT_TARGET = 9.2;
			};
			name = Debug;
		};
		4374A7F71D10B8050025B7E5 /* Release */ = {
			isa = XCBuildConfiguration;
			buildSettings = {
				ASSETCATALOG_COMPILER_APPICON_NAME = "App Icon & Top Shelf Image";
				ASSETCATALOG_COMPILER_LAUNCHIMAGE_NAME = LaunchImage;
				CODE_SIGN_IDENTITY = "iPhone Developer";
				"CODE_SIGN_IDENTITY[sdk=appletvos*]" = "iPhone Developer";
				INFOPLIST_FILE = SwiftyWeatherTV/Info.plist;
				LD_RUNPATH_SEARCH_PATHS = "$(inherited) @executable_path/Frameworks";
				PRODUCT_BUNDLE_IDENTIFIER = com.appsbypat.SwiftyWeatherApp;
				PRODUCT_NAME = "$(TARGET_NAME)";
				PROVISIONING_PROFILE = "";
				SDKROOT = appletvos;
				SWIFT_OBJC_BRIDGING_HEADER = "SwiftyWeatherTV/SwiftyWeatherTV-Bridging-Header.h";
				TARGETED_DEVICE_FAMILY = 3;
				TVOS_DEPLOYMENT_TARGET = 9.2;
			};
			name = Release;
		};
		43914C7A1D230B540082FFA2 /* Debug */ = {
			isa = XCBuildConfiguration;
			buildSettings = {
				CODE_SIGN_IDENTITY = "iPhone Developer";
				"CODE_SIGN_IDENTITY[sdk=iphoneos*]" = "iPhone Developer";
				INFOPLIST_FILE = SwiftyWeatherWidget/Info.plist;
				LD_RUNPATH_SEARCH_PATHS = "$(inherited) @executable_path/Frameworks @executable_path/../../Frameworks";
				PRODUCT_BUNDLE_IDENTIFIER = com.appsbypat.SwiftyWeather.SwiftyWeatherWidget;
				PRODUCT_NAME = "$(TARGET_NAME)";
				SKIP_INSTALL = YES;
				SWIFT_OBJC_BRIDGING_HEADER = "SwiftyWeatherWidget/SwiftyWeatherWidget-Bridging-Header.h";
			};
			name = Debug;
		};
		43914C7B1D230B540082FFA2 /* Release */ = {
			isa = XCBuildConfiguration;
			buildSettings = {
				CODE_SIGN_IDENTITY = "iPhone Developer";
				"CODE_SIGN_IDENTITY[sdk=iphoneos*]" = "iPhone Developer";
				INFOPLIST_FILE = SwiftyWeatherWidget/Info.plist;
				LD_RUNPATH_SEARCH_PATHS = "$(inherited) @executable_path/Frameworks @executable_path/../../Frameworks";
				PRODUCT_BUNDLE_IDENTIFIER = com.appsbypat.SwiftyWeather.SwiftyWeatherWidget;
				PRODUCT_NAME = "$(TARGET_NAME)";
				SKIP_INSTALL = YES;
				SWIFT_OBJC_BRIDGING_HEADER = "SwiftyWeatherWidget/SwiftyWeatherWidget-Bridging-Header.h";
			};
			name = Release;
		};
/* End XCBuildConfiguration section */

/* Begin XCConfigurationList section */
		433946441CEA33C10093A8D7 /* Build configuration list for PBXProject "SwiftyWeather" */ = {
			isa = XCConfigurationList;
			buildConfigurations = (
				433946591CEA33C10093A8D7 /* Debug */,
				4339465A1CEA33C10093A8D7 /* Release */,
			);
			defaultConfigurationIsVisible = 0;
			defaultConfigurationName = Release;
		};
		4339465B1CEA33C10093A8D7 /* Build configuration list for PBXNativeTarget "SwiftyWeather" */ = {
			isa = XCConfigurationList;
			buildConfigurations = (
				4339465C1CEA33C10093A8D7 /* Debug */,
				4339465D1CEA33C10093A8D7 /* Release */,
			);
			defaultConfigurationIsVisible = 0;
			defaultConfigurationName = Release;
		};
		4374A7F81D10B8050025B7E5 /* Build configuration list for PBXNativeTarget "SwiftyWeatherTV" */ = {
			isa = XCConfigurationList;
			buildConfigurations = (
				4374A7F61D10B8050025B7E5 /* Debug */,
				4374A7F71D10B8050025B7E5 /* Release */,
			);
			defaultConfigurationIsVisible = 0;
			defaultConfigurationName = Release;
		};
		43914C7C1D230B540082FFA2 /* Build configuration list for PBXNativeTarget "SwiftyWeatherWidget" */ = {
			isa = XCConfigurationList;
			buildConfigurations = (
				43914C7A1D230B540082FFA2 /* Debug */,
				43914C7B1D230B540082FFA2 /* Release */,
			);
			defaultConfigurationIsVisible = 0;
		};
/* End XCConfigurationList section */

/* Begin XCVersionGroup section */
		4339466A1CEB4C9E0093A8D7 /* SwiftyWeatherModel.xcdatamodeld */ = {
			isa = XCVersionGroup;
			children = (
				4339466B1CEB4C9E0093A8D7 /* SwiftyWeatherModel.xcdatamodel */,
			);
			currentVersion = 4339466B1CEB4C9E0093A8D7 /* SwiftyWeatherModel.xcdatamodel */;
			path = SwiftyWeatherModel.xcdatamodeld;
			sourceTree = "<group>";
			versionGroupType = wrapper.xcdatamodel;
		};
/* End XCVersionGroup section */
	};
	rootObject = 433946411CEA33C10093A8D7 /* Project object */;
}
